
Microsoft Visual Studio Solution File, Format Version 12.00
# Visual Studio 15
VisualStudioVersion = 15.0.28307.168
MinimumVisualStudioVersion = 10.0.40219.1
Project("{FAE04EC0-301F-11D3-BF4B-00C04F79EFBC}") = "SixCard", "SixCard\SixCard.csproj", "{5CED7C41-3FB5-4405-AD6E-DDE84AAD69DE}"
EndProject
Global
	GlobalSection(SolutionConfigurationPlatforms) = preSolution
		Debug|Any CPU = Debug|Any CPU
		Release|Any CPU = Release|Any CPU
	EndGlobalSection
	GlobalSection(ProjectConfigurationPlatforms) = postSolution
		{5CED7C41-3FB5-4405-AD6E-DDE84AAD69DE}.Debug|Any CPU.ActiveCfg = Debug|Any CPU
		{5CED7C41-3FB5-4405-AD6E-DDE84AAD69DE}.Debug|Any CPU.Build.0 = Debug|Any CPU
		{5CED7C41-3FB5-4405-AD6E-DDE84AAD69DE}.Release|Any CPU.ActiveCfg = Release|Any CPU
		{5CED7C41-3FB5-4405-AD6E-DDE84AAD69DE}.Release|Any CPU.Build.0 = Release|Any CPU
	EndGlobalSection
	GlobalSection(SolutionProperties) = preSolution
		HideSolutionNode = FALSE
	EndGlobalSection
	GlobalSection(ExtensibilityGlobals) = postSolution
		SolutionGuid = {0813C9CF-9D3F-497F-BBAA-829CC95026A1}
	EndGlobalSection
EndGlobal
